{
  "nodes": {
    "flakeNimbleLib": {
      "inputs": {
        "nixpkgs": [
          "nixpkgs"
        ]
      },
      "locked": {
        "lastModified": 1662018438,
        "narHash": "sha256-QtNtU6+LX3Wokxf0zlFwKTFOcn6TeDjKQZ+DA9OYtvM=",
        "owner": "riinr",
        "repo": "nim-flakes-lib",
        "rev": "b1fe8340736e3a85d25c709ac3dfd82a55c03cbf",
        "type": "github"
      },
      "original": {
        "owner": "riinr",
        "ref": "master",
        "repo": "nim-flakes-lib",
        "type": "github"
      }
    },
    "htmlunescape-master": {
      "inputs": {
        "flakeNimbleLib": [
          "flakeNimbleLib"
        ],
        "nixpkgs": [
          "nixpkgs"
        ],
        "src-htmlunescape-master": "src-htmlunescape-master"
      },
      "locked": {
        "dir": "master",
        "lastModified": 1662254529,
        "narHash": "sha256-Wk3NVvn7U2KR+MJvCF5RpcCj24pHp5vxfkWLiCkiMi4=",
        "owner": "nim-nix-pkgs",
        "repo": "htmlunescape",
        "rev": "3a3ce9a2977c801390ff757171fda37c5b02112c",
        "type": "github"
      },
      "original": {
        "dir": "master",
        "owner": "nim-nix-pkgs",
        "ref": "master",
        "repo": "htmlunescape",
        "type": "github"
      }
    },
    "htmlunescape-v0_1": {
      "inputs": {
        "flakeNimbleLib": [
          "flakeNimbleLib"
        ],
        "nixpkgs": [
          "nixpkgs"
        ],
        "src-htmlunescape-v0_1": "src-htmlunescape-v0_1"
      },
      "locked": {
        "dir": "v0_1",
        "lastModified": 1662254529,
        "narHash": "sha256-Wk3NVvn7U2KR+MJvCF5RpcCj24pHp5vxfkWLiCkiMi4=",
        "owner": "nim-nix-pkgs",
        "repo": "htmlunescape",
        "rev": "3a3ce9a2977c801390ff757171fda37c5b02112c",
        "type": "github"
      },
      "original": {
        "dir": "v0_1",
        "owner": "nim-nix-pkgs",
        "ref": "master",
        "repo": "htmlunescape",
        "type": "github"
      }
    },
    "htmlunescape-v0_2": {
      "inputs": {
        "flakeNimbleLib": [
          "flakeNimbleLib"
        ],
        "nixpkgs": [
          "nixpkgs"
        ],
        "src-htmlunescape-v0_2": "src-htmlunescape-v0_2"
      },
      "locked": {
        "dir": "v0_2",
        "lastModified": 1662254529,
        "narHash": "sha256-Wk3NVvn7U2KR+MJvCF5RpcCj24pHp5vxfkWLiCkiMi4=",
        "owner": "nim-nix-pkgs",
        "repo": "htmlunescape",
        "rev": "3a3ce9a2977c801390ff757171fda37c5b02112c",
        "type": "github"
      },
      "original": {
        "dir": "v0_2",
        "owner": "nim-nix-pkgs",
        "ref": "master",
        "repo": "htmlunescape",
        "type": "github"
      }
    },
    "nixpkgs": {
      "locked": {
        "lastModified": 1667110639,
        "narHash": "sha256-4FbPESZ5LbqQxkJJJBAfk/zKgF9h/4kyUwjjpJwYlbc=",
        "owner": "NixOS",
        "repo": "nixpkgs",
        "rev": "f38a1f04d1bec1feb61fd101a0539ae2002a7087",
        "type": "github"
      },
      "original": {
        "id": "nixpkgs",
        "type": "indirect"
      }
    },
    "root": {
      "inputs": {
        "flakeNimbleLib": "flakeNimbleLib",
        "htmlunescape-master": "htmlunescape-master",
        "htmlunescape-v0_1": "htmlunescape-v0_1",
        "htmlunescape-v0_2": "htmlunescape-v0_2",
        "nixpkgs": "nixpkgs"
      }
    },
    "src-htmlunescape-master": {
      "flake": false,
      "locked": {
        "lastModified": 1638125622,
        "narHash": "sha256-6JgahDMB3o02Z2UcWZ22fIMfQGEwVVOTjjaAPDepBgY=",
        "owner": "AmanoTeam",
        "repo": "htmlunescape",
        "rev": "d40f46cd0afdffcdd6fd3902e31d2748023a88d6",
        "type": "github"
      },
      "original": {
        "owner": "AmanoTeam",
        "ref": "refs/heads/master",
        "repo": "htmlunescape",
        "type": "github"
      }
    },
    "src-htmlunescape-v0_1": {
      "flake": false,
      "locked": {
        "lastModified": 1637786929,
        "narHash": "sha256-kbVI/uNs1bgjVo42p/H9rurv77I1nxkB7mrcFRyt4HM=",
        "owner": "AmanoTeam",
        "repo": "htmlunescape",
        "rev": "229cb5956814a1970c3cf9bb44ba45d64efdafd9",
        "type": "github"
      },
      "original": {
        "owner": "AmanoTeam",
        "ref": "refs/tags/v0.1",
        "repo": "htmlunescape",
        "type": "github"
      }
    },
    "src-htmlunescape-v0_2": {
      "flake": false,
      "locked": {
        "lastModified": 1638125622,
        "narHash": "sha256-6JgahDMB3o02Z2UcWZ22fIMfQGEwVVOTjjaAPDepBgY=",
        "owner": "AmanoTeam",
        "repo": "htmlunescape",
        "rev": "d40f46cd0afdffcdd6fd3902e31d2748023a88d6",
        "type": "github"
      },
      "original": {
        "owner": "AmanoTeam",
        "ref": "refs/tags/v0.2",
        "repo": "htmlunescape",
        "type": "github"
      }
    }
  },
  "root": "root",
  "version": 7
}
